<?xml version="1.0" encoding="utf-8"?>
<Project ToolsVersion="4.0" xmlns="http://schemas.microsoft.com/developer/msbuild/2003">
  <ItemGroup>
    <ClInclude Include="..\TriangleDemoApp.h" />
    <ClInclude Include="..\GameDemo\GameDemoEvents.h">
      <Filter>Demo</Filter>
    </ClInclude>
    <ClInclude Include="..\GameDemo\GameDemoManager.h">
      <Filter>Demo</Filter>
    </ClInclude>
    <ClInclude Include="..\GameDemo\GameDemoNetwork.h">
      <Filter>Demo</Filter>
    </ClInclude>
    <ClInclude Include="..\GameDemo\GameDemoResources.h">
      <Filter>Demo</Filter>
    </ClInclude>
    <ClInclude Include="..\GameDemo\GameDemoStd.h">
      <Filter>Demo</Filter>
    </ClInclude>
    <ClInclude Include="..\GameDemo\GameDemoView.h">
      <Filter>Demo</Filter>
    </ClInclude>
    <ClInclude Include="..\GameDemo\GameDemoApp.h">
      <Filter>Demo</Filter>
    </ClInclude>
    <ClInclude Include="..\GameDemo\GameDemo.h">
      <Filter>Demo</Filter>
    </ClInclude>
    <ClInclude Include="..\GameDemo\GameDemoCameraController.h">
      <Filter>Demo</Filter>
    </ClInclude>
    <ClInclude Include="..\GameDemo\GameDemoPlayerController.h">
      <Filter>Demo</Filter>
    </ClInclude>
    <ClInclude Include="..\Quake\Quake.h">
      <Filter>Quake</Filter>
    </ClInclude>
    <ClInclude Include="..\Quake\QuakeApp.h">
      <Filter>Quake</Filter>
    </ClInclude>
    <ClInclude Include="..\Quake\QuakeCameraController.h">
      <Filter>Quake</Filter>
    </ClInclude>
    <ClInclude Include="..\Quake\QuakeEvents.h">
      <Filter>Quake</Filter>
    </ClInclude>
    <ClInclude Include="..\Quake\QuakeNetwork.h">
      <Filter>Quake</Filter>
    </ClInclude>
    <ClInclude Include="..\Quake\QuakePlayerController.h">
      <Filter>Quake</Filter>
    </ClInclude>
    <ClInclude Include="..\Quake\QuakeResources.h">
      <Filter>Quake</Filter>
    </ClInclude>
    <ClInclude Include="..\Quake\QuakeStd.h">
      <Filter>Quake</Filter>
    </ClInclude>
    <ClInclude Include="..\Quake\QuakeView.h">
      <Filter>Quake</Filter>
    </ClInclude>
    <ClInclude Include="..\Quake\QuakeActorFactory.h">
      <Filter>Quake</Filter>
    </ClInclude>
    <ClInclude Include="..\Quake\Actors\AmmoPickup.h">
      <Filter>Quake\Actors</Filter>
    </ClInclude>
    <ClInclude Include="..\Quake\Actors\HealthPickup.h">
      <Filter>Quake\Actors</Filter>
    </ClInclude>
    <ClInclude Include="..\Quake\Actors\ItemPickup.h">
      <Filter>Quake\Actors</Filter>
    </ClInclude>
    <ClInclude Include="..\Quake\Actors\WeaponPickup.h">
      <Filter>Quake\Actors</Filter>
    </ClInclude>
    <ClInclude Include="..\Quake\Actors\BasePickup.h">
      <Filter>Quake\Actors</Filter>
    </ClInclude>
    <ClInclude Include="..\Quake\Actors\BaseTrigger.h">
      <Filter>Quake\Actors</Filter>
    </ClInclude>
    <ClInclude Include="..\Quake\Actors\PushTrigger.h">
      <Filter>Quake\Actors</Filter>
    </ClInclude>
    <ClInclude Include="..\Quake\Actors\TeleporterTrigger.h">
      <Filter>Quake\Actors</Filter>
    </ClInclude>
    <ClInclude Include="..\Quake\Actors\BaseTarget.h">
      <Filter>Quake\Actors</Filter>
    </ClInclude>
    <ClInclude Include="..\Quake\Actors\SpeakerTarget.h">
      <Filter>Quake\Actors</Filter>
    </ClInclude>
    <ClInclude Include="..\Quake\Actors\ArmorPickup.h">
      <Filter>Quake\Actors</Filter>
    </ClInclude>
    <ClInclude Include="..\Quake\QuakeLevelManager.h">
      <Filter>Quake</Filter>
    </ClInclude>
    <ClInclude Include="..\Quake\QuakeLevel.h">
      <Filter>Quake</Filter>
    </ClInclude>
    <ClInclude Include="..\Quake\Actors\PlayerActor.h">
      <Filter>Quake\Actors</Filter>
    </ClInclude>
    <ClInclude Include="..\Quake\Actors\LocationTarget.h">
      <Filter>Quake\Actors</Filter>
    </ClInclude>
    <ClInclude Include="..\Quake\Actors\GrenadeFire.h">
      <Filter>Quake\Actors</Filter>
    </ClInclude>
    <ClInclude Include="..\Quake\Actors\BaseFire.h">
      <Filter>Quake\Actors</Filter>
    </ClInclude>
    <ClInclude Include="..\Quake\Actors\RocketFire.h">
      <Filter>Quake\Actors</Filter>
    </ClInclude>
    <ClInclude Include="..\Quake\Actors\PlasmaFire.h">
      <Filter>Quake\Actors</Filter>
    </ClInclude>
    <ClInclude Include="..\Quake\QuakeAIView.h">
      <Filter>Quake</Filter>
    </ClInclude>
  </ItemGroup>
  <ItemGroup>
    <ClCompile Include="..\TriangleDemoApp.cpp" />
    <ClCompile Include="..\GameDemo\GameDemoEvents.cpp">
      <Filter>Demo</Filter>
    </ClCompile>
    <ClCompile Include="..\GameDemo\GameDemoManager.cpp">
      <Filter>Demo</Filter>
    </ClCompile>
    <ClCompile Include="..\GameDemo\GameDemoStd.cpp">
      <Filter>Demo</Filter>
    </ClCompile>
    <ClCompile Include="..\GameDemo\GameDemoView.cpp">
      <Filter>Demo</Filter>
    </ClCompile>
    <ClCompile Include="..\GameDemo\GameDemoApp.cpp">
      <Filter>Demo</Filter>
    </ClCompile>
    <ClCompile Include="..\GameDemo\GameDemo.cpp">
      <Filter>Demo</Filter>
    </ClCompile>
    <ClCompile Include="..\GameDemo\GameDemoCameraController.cpp">
      <Filter>Demo</Filter>
    </ClCompile>
    <ClCompile Include="..\GameDemo\GameDemoPlayerController.cpp">
      <Filter>Demo</Filter>
    </ClCompile>
    <ClCompile Include="..\Quake\Quake.cpp">
      <Filter>Quake</Filter>
    </ClCompile>
    <ClCompile Include="..\Quake\QuakeApp.cpp">
      <Filter>Quake</Filter>
    </ClCompile>
    <ClCompile Include="..\Quake\QuakeCameraController.cpp">
      <Filter>Quake</Filter>
    </ClCompile>
    <ClCompile Include="..\Quake\QuakeEvents.cpp">
      <Filter>Quake</Filter>
    </ClCompile>
    <ClCompile Include="..\Quake\QuakePlayerController.cpp">
      <Filter>Quake</Filter>
    </ClCompile>
    <ClCompile Include="..\Quake\QuakeStd.cpp">
      <Filter>Quake</Filter>
    </ClCompile>
    <ClCompile Include="..\Quake\QuakeView.cpp">
      <Filter>Quake</Filter>
    </ClCompile>
    <ClCompile Include="..\Quake\QuakeActorFactory.cpp">
      <Filter>Quake</Filter>
    </ClCompile>
    <ClCompile Include="..\Quake\Actors\AmmoPickup.cpp">
      <Filter>Quake\Actors</Filter>
    </ClCompile>
    <ClCompile Include="..\Quake\Actors\HealthPickup.cpp">
      <Filter>Quake\Actors</Filter>
    </ClCompile>
    <ClCompile Include="..\Quake\Actors\ItemPickup.cpp">
      <Filter>Quake\Actors</Filter>
    </ClCompile>
    <ClCompile Include="..\Quake\Actors\WeaponPickup.cpp">
      <Filter>Quake\Actors</Filter>
    </ClCompile>
    <ClCompile Include="..\Quake\Actors\PushTrigger.cpp">
      <Filter>Quake\Actors</Filter>
    </ClCompile>
    <ClCompile Include="..\Quake\Actors\TeleporterTrigger.cpp">
      <Filter>Quake\Actors</Filter>
    </ClCompile>
    <ClCompile Include="..\Quake\Actors\SpeakerTarget.cpp">
      <Filter>Quake\Actors</Filter>
    </ClCompile>
    <ClCompile Include="..\Quake\Actors\ArmorPickup.cpp">
      <Filter>Quake\Actors</Filter>
    </ClCompile>
    <ClCompile Include="..\Quake\QuakeLevelManager.cpp">
      <Filter>Quake</Filter>
    </ClCompile>
    <ClCompile Include="..\Quake\QuakeLevel.cpp">
      <Filter>Quake</Filter>
    </ClCompile>
    <ClCompile Include="..\Quake\Actors\PlayerActor.cpp">
      <Filter>Quake\Actors</Filter>
    </ClCompile>
    <ClCompile Include="..\Quake\Actors\LocationTarget.cpp">
      <Filter>Quake\Actors</Filter>
    </ClCompile>
    <ClCompile Include="..\Quake\Actors\GrenadeFire.cpp">
      <Filter>Quake\Actors</Filter>
    </ClCompile>
    <ClCompile Include="..\Quake\Actors\RocketFire.cpp">
      <Filter>Quake\Actors</Filter>
    </ClCompile>
    <ClCompile Include="..\Quake\Actors\PlasmaFire.cpp">
      <Filter>Quake\Actors</Filter>
    </ClCompile>
    <ClCompile Include="..\Quake\QuakeAIView.cpp">
      <Filter>Quake</Filter>
    </ClCompile>
  </ItemGroup>
  <ItemGroup>
    <Filter Include="Demo">
      <UniqueIdentifier>{ce6ead9a-75e3-4556-82f9-64ef1a39a749}</UniqueIdentifier>
    </Filter>
    <Filter Include="Quake">
      <UniqueIdentifier>{8b320331-9d33-4f90-9d5f-797a46e33574}</UniqueIdentifier>
    </Filter>
    <Filter Include="Quake\Actors">
      <UniqueIdentifier>{524c8a9f-b519-4683-9b39-adbacb26a18c}</UniqueIdentifier>
    </Filter>
  </ItemGroup>
</Project>