
Microsoft Visual Studio Solution File, Format Version 12.00
# Visual Studio 15
VisualStudioVersion = 15.0.26403.7
MinimumVisualStudioVersion = 10.0.40219.1
Project("{8BC9CEB8-8B4A-11D0-8D11-00A0C91BC942}") = "GameEngineDemos", "GameEngineDemos.vcxproj", "{63B8049B-62EF-4FA0-BDC3-6B7FC807C03A}"
EndProject
Project("{8BC9CEB8-8B4A-11D0-8D11-00A0C91BC942}") = "GameEngine", "..\..\GameEngine\Msvc\GameEngine.vcxproj", "{5F8DE669-F90C-498F-891B-EE6ACE0CA1BD}"
EndProject
Global
	GlobalSection(SolutionConfigurationPlatforms) = preSolution
		Debug|x86 = Debug|x86
		DebugGL|x86 = DebugGL|x86
		Release|x86 = Release|x86
		ReleaseGL|x86 = ReleaseGL|x86
	EndGlobalSection
	GlobalSection(ProjectConfigurationPlatforms) = postSolution
		{63B8049B-62EF-4FA0-BDC3-6B7FC807C03A}.Debug|x86.ActiveCfg = Debug|Win32
		{63B8049B-62EF-4FA0-BDC3-6B7FC807C03A}.Debug|x86.Build.0 = Debug|Win32
		{63B8049B-62EF-4FA0-BDC3-6B7FC807C03A}.DebugGL|x86.ActiveCfg = Debug|Win32
		{63B8049B-62EF-4FA0-BDC3-6B7FC807C03A}.DebugGL|x86.Build.0 = Debug|Win32
		{63B8049B-62EF-4FA0-BDC3-6B7FC807C03A}.Release|x86.ActiveCfg = Debug|Win32
		{63B8049B-62EF-4FA0-BDC3-6B7FC807C03A}.Release|x86.Build.0 = Debug|Win32
		{63B8049B-62EF-4FA0-BDC3-6B7FC807C03A}.ReleaseGL|x86.ActiveCfg = Debug|Win32
		{63B8049B-62EF-4FA0-BDC3-6B7FC807C03A}.ReleaseGL|x86.Build.0 = Debug|Win32
		{5F8DE669-F90C-498F-891B-EE6ACE0CA1BD}.Debug|x86.ActiveCfg = Debug|Win32
		{5F8DE669-F90C-498F-891B-EE6ACE0CA1BD}.Debug|x86.Build.0 = Debug|Win32
		{5F8DE669-F90C-498F-891B-EE6ACE0CA1BD}.DebugGL|x86.ActiveCfg = Debug|Win32
		{5F8DE669-F90C-498F-891B-EE6ACE0CA1BD}.DebugGL|x86.Build.0 = Debug|Win32
		{5F8DE669-F90C-498F-891B-EE6ACE0CA1BD}.Release|x86.ActiveCfg = Debug|Win32
		{5F8DE669-F90C-498F-891B-EE6ACE0CA1BD}.Release|x86.Build.0 = Debug|Win32
		{5F8DE669-F90C-498F-891B-EE6ACE0CA1BD}.ReleaseGL|x86.ActiveCfg = Debug|Win32
		{5F8DE669-F90C-498F-891B-EE6ACE0CA1BD}.ReleaseGL|x86.Build.0 = Debug|Win32
	EndGlobalSection
	GlobalSection(SolutionProperties) = preSolution
		HideSolutionNode = FALSE
	EndGlobalSection
	GlobalSection(ExtensibilityGlobals) = postSolution
		SolutionGuid = {BC6066D5-2BB8-48A8-AD12-866E3E13E9CD}
	EndGlobalSection
	GlobalSection(Performance) = preSolution
		HasPerformanceSessions = true
	EndGlobalSection
	GlobalSection(Performance) = preSolution
		HasPerformanceSessions = true
	EndGlobalSection
	GlobalSection(Performance) = preSolution
		HasPerformanceSessions = true
	EndGlobalSection
	GlobalSection(Performance) = preSolution
		HasPerformanceSessions = true
	EndGlobalSection
EndGlobal
